
Microsoft Visual Studio Solution File, Format Version 12.00
# Visual Studio Version 17
VisualStudioVersion = 17.6.33815.320
MinimumVisualStudioVersion = 10.0.40219.1
Project("{FAE04EC0-301F-11D3-BF4B-00C04F79EFBC}") = "baza dannyh rpm", "baza dannyh rpm\baza dannyh rpm.csproj", "{16819E0F-A32F-44F2-AA1A-21E37693884D}"
EndProject
Global
	GlobalSection(SolutionConfigurationPlatforms) = preSolution
		Debug|Any CPU = Debug|Any CPU
		Release|Any CPU = Release|Any CPU
	EndGlobalSection
	GlobalSection(ProjectConfigurationPlatforms) = postSolution
		{16819E0F-A32F-44F2-AA1A-21E37693884D}.Debug|Any CPU.ActiveCfg = Debug|Any CPU
		{16819E0F-A32F-44F2-AA1A-21E37693884D}.Debug|Any CPU.Build.0 = Debug|Any CPU
		{16819E0F-A32F-44F2-AA1A-21E37693884D}.Release|Any CPU.ActiveCfg = Release|Any CPU
		{16819E0F-A32F-44F2-AA1A-21E37693884D}.Release|Any CPU.Build.0 = Release|Any CPU
	EndGlobalSection
	GlobalSection(SolutionProperties) = preSolution
		HideSolutionNode = FALSE
	EndGlobalSection
	GlobalSection(ExtensibilityGlobals) = postSolution
		SolutionGuid = {F35D0F8D-4AC6-49FB-A2AB-20B7EDC4A257}
	EndGlobalSection
EndGlobal
